
Microsoft Visual Studio Solution File, Format Version 12.00
# Visual Studio Version 17
VisualStudioVersion = 17.3.32929.385
MinimumVisualStudioVersion = 10.0.40219.1
Project("{FAE04EC0-301F-11D3-BF4B-00C04F79EFBC}") = "EfTut", "EfTut\EfTut.csproj", "{CAD09593-8AB6-4A59-8633-C1D7CC7660E1}"
EndProject
Project("{FAE04EC0-301F-11D3-BF4B-00C04F79EFBC}") = "DataLayer", "DataLayer\DataLayer.csproj", "{3A7C6AA9-617D-4752-BB28-BD4E84C4BEB7}"
EndProject
Global
	GlobalSection(SolutionConfigurationPlatforms) = preSolution
		Debug|Any CPU = Debug|Any CPU
		Release|Any CPU = Release|Any CPU
	EndGlobalSection
	GlobalSection(ProjectConfigurationPlatforms) = postSolution
		{CAD09593-8AB6-4A59-8633-C1D7CC7660E1}.Debug|Any CPU.ActiveCfg = Debug|Any CPU
		{CAD09593-8AB6-4A59-8633-C1D7CC7660E1}.Debug|Any CPU.Build.0 = Debug|Any CPU
		{CAD09593-8AB6-4A59-8633-C1D7CC7660E1}.Release|Any CPU.ActiveCfg = Release|Any CPU
		{CAD09593-8AB6-4A59-8633-C1D7CC7660E1}.Release|Any CPU.Build.0 = Release|Any CPU
		{3A7C6AA9-617D-4752-BB28-BD4E84C4BEB7}.Debug|Any CPU.ActiveCfg = Debug|Any CPU
		{3A7C6AA9-617D-4752-BB28-BD4E84C4BEB7}.Debug|Any CPU.Build.0 = Debug|Any CPU
		{3A7C6AA9-617D-4752-BB28-BD4E84C4BEB7}.Release|Any CPU.ActiveCfg = Release|Any CPU
		{3A7C6AA9-617D-4752-BB28-BD4E84C4BEB7}.Release|Any CPU.Build.0 = Release|Any CPU
	EndGlobalSection
	GlobalSection(SolutionProperties) = preSolution
		HideSolutionNode = FALSE
	EndGlobalSection
	GlobalSection(ExtensibilityGlobals) = postSolution
		SolutionGuid = {9CF4FFFD-A4A0-4AC3-AB4A-678967779047}
	EndGlobalSection
EndGlobal
